PODS:
  - AppWheel (2.1.1.0):
    - AppWheel/analytics (= 2.1.1.0)
    - AppWheel/core (= 2.1.1.0)
    - AppWheel/marvel (= 2.1.1.0)
    - AppWheel/purchase (= 2.1.1.0)
  - AppWheel/analytics (2.1.1.0)
  - AppWheel/core (2.1.1.0)
  - AppWheel/marvel (2.1.1.0)
  - AppWheel/purchase (2.1.1.0)

DEPENDENCIES:
  - AppWheel (from `../`)

EXTERNAL SOURCES:
  AppWheel:
    :path: "../"

SPEC CHECKSUMS:
  AppWheel: ff5424be5185ff1b0cbca53350c63f1fff6e1239

PODFILE CHECKSUM: 3aa62eeb18ac8f8a9f1119c76db4427578d39405

COCOAPODS: 1.10.2
