PODS:
  - AppWheel (2.0.10.2):
    - AppWheel/purchase (= 2.0.10.2)
  - AppWheel/purchase (2.0.10.2)

DEPENDENCIES:
  - AppWheel (from `../`)

EXTERNAL SOURCES:
  AppWheel:
    :path: "../"

SPEC CHECKSUMS:
  AppWheel: 2e13038ef035801f9936fab6ca48400837aadd4e

PODFILE CHECKSUM: 75a9d772ebcc71acdc57c45c9b49fa63413e7fc3

COCOAPODS: 1.10.2
