PODS:
  - AppWheel (2.1.0.0):
    - AppWheel/purchase (= 2.1.0.0)
  - AppWheel/purchase (2.1.0.0)

DEPENDENCIES:
  - AppWheel (from `../`)

EXTERNAL SOURCES:
  AppWheel:
    :path: "../"

SPEC CHECKSUMS:
  AppWheel: 13c80f16e71f586c281d8f949a37e1a1c4807979

PODFILE CHECKSUM: 3aa62eeb18ac8f8a9f1119c76db4427578d39405

COCOAPODS: 1.10.2
