// !$*UTF8*$!
{
	archiveVersion = 1;
	classes = {
	};
	objectVersion = 51;
	objects = {

/* Begin PBXBuildFile section */
		6489749F2701B8E300EECE76 /* ProductDetailVC.m in Sources */ = {isa = PBXBuildFile; fileRef = 6489749D2701B8E300EECE76 /* ProductDetailVC.m */; };
		648974A12701B94A00EECE76 /* ProductViewController.xib in Resources */ = {isa = PBXBuildFile; fileRef = 648974A02701B94A00EECE76 /* ProductViewController.xib */; };
		648974A52701BE4200EECE76 /* ProductHistoryViewController.xib in Resources */ = {isa = PBXBuildFile; fileRef = 648974A32701BE4200EECE76 /* ProductHistoryViewController.xib */; };
		648974A62701BE4200EECE76 /* ProductHistoryViewController.m in Sources */ = {isa = PBXBuildFile; fileRef = 648974A42701BE4200EECE76 /* ProductHistoryViewController.m */; };
		D4609A7B25C9387600019B32 /* AppDelegate.m in Sources */ = {isa = PBXBuildFile; fileRef = D4609A7A25C9387600019B32 /* AppDelegate.m */; };
		D4609A7E25C9387600019B32 /* SceneDelegate.m in Sources */ = {isa = PBXBuildFile; fileRef = D4609A7D25C9387600019B32 /* SceneDelegate.m */; };
		D4609A8125C9387600019B32 /* ViewController.m in Sources */ = {isa = PBXBuildFile; fileRef = D4609A8025C9387600019B32 /* ViewController.m */; };
		D4609A8625C9387800019B32 /* Assets.xcassets in Resources */ = {isa = PBXBuildFile; fileRef = D4609A8525C9387800019B32 /* Assets.xcassets */; };
		D4609A8925C9387800019B32 /* LaunchScreen.storyboard in Resources */ = {isa = PBXBuildFile; fileRef = D4609A8725C9387800019B32 /* LaunchScreen.storyboard */; };
		D4609A8C25C9387800019B32 /* main.m in Sources */ = {isa = PBXBuildFile; fileRef = D4609A8B25C9387800019B32 /* main.m */; };
		D4609AB925C954ED00019B32 /* ProductViewController.m in Sources */ = {isa = PBXBuildFile; fileRef = D4609AB325C954ED00019B32 /* ProductViewController.m */; };
		D4609ABA25C954ED00019B32 /* UIAlertController+Global.m in Sources */ = {isa = PBXBuildFile; fileRef = D4609AB425C954ED00019B32 /* UIAlertController+Global.m */; };
		D4609ABB25C954ED00019B32 /* InfoViewController.m in Sources */ = {isa = PBXBuildFile; fileRef = D4609AB525C954ED00019B32 /* InfoViewController.m */; };
		D4FF9119260B605E00686502 /* UIViewController+Loading.m in Sources */ = {isa = PBXBuildFile; fileRef = D4FF9118260B605E00686502 /* UIViewController+Loading.m */; };
		D4FF9120260B609F00686502 /* dropdownFlag@3x.png in Resources */ = {isa = PBXBuildFile; fileRef = D4FF911C260B609F00686502 /* dropdownFlag@3x.png */; };
		D4FF9121260B609F00686502 /* dropdownFlag@2x.png in Resources */ = {isa = PBXBuildFile; fileRef = D4FF911D260B609F00686502 /* dropdownFlag@2x.png */; };
		D4FF9122260B609F00686502 /* EBDropdownListView.m in Sources */ = {isa = PBXBuildFile; fileRef = D4FF911E260B609F00686502 /* EBDropdownListView.m */; };
		D4FF912C260B616900686502 /* InfoViewController.xib in Resources */ = {isa = PBXBuildFile; fileRef = D4FF912B260B616900686502 /* InfoViewController.xib */; };
		D4FF9136260B638100686502 /* Main.storyboard in Resources */ = {isa = PBXBuildFile; fileRef = D4FF9134260B638100686502 /* Main.storyboard */; };
		EE3DFB7022ACB68B5F6243E4 /* libPods-SaaSDemo.a in Frameworks */ = {isa = PBXBuildFile; fileRef = 09F4C2F21ED86FA68AD1F666 /* libPods-SaaSDemo.a */; };
/* End PBXBuildFile section */

/* Begin PBXCopyFilesBuildPhase section */
		64A4F5BB26E7860C00E62482 /* Embed Frameworks */ = {
			isa = PBXCopyFilesBuildPhase;
			buildActionMask = 2147483647;
			dstPath = "";
			dstSubfolderSpec = 10;
			files = (
			);
			name = "Embed Frameworks";
			runOnlyForDeploymentPostprocessing = 0;
		};
/* End PBXCopyFilesBuildPhase section */

/* Begin PBXFileReference section */
		09F4C2F21ED86FA68AD1F666 /* libPods-SaaSDemo.a */ = {isa = PBXFileReference; explicitFileType = archive.ar; includeInIndex = 0; path = "libPods-SaaSDemo.a"; sourceTree = BUILT_PRODUCTS_DIR; };
		6489749D2701B8E300EECE76 /* ProductDetailVC.m */ = {isa = PBXFileReference; fileEncoding = 4; lastKnownFileType = sourcecode.c.objc; path = ProductDetailVC.m; sourceTree = "<group>"; };
		6489749E2701B8E300EECE76 /* ProductDetailVC.h */ = {isa = PBXFileReference; fileEncoding = 4; lastKnownFileType = sourcecode.c.h; path = ProductDetailVC.h; sourceTree = "<group>"; };
		648974A02701B94A00EECE76 /* ProductViewController.xib */ = {isa = PBXFileReference; fileEncoding = 4; lastKnownFileType = file.xib; path = ProductViewController.xib; sourceTree = "<group>"; };
		648974A22701BE4200EECE76 /* ProductHistoryViewController.h */ = {isa = PBXFileReference; fileEncoding = 4; lastKnownFileType = sourcecode.c.h; path = ProductHistoryViewController.h; sourceTree = "<group>"; };
		648974A32701BE4200EECE76 /* ProductHistoryViewController.xib */ = {isa = PBXFileReference; fileEncoding = 4; lastKnownFileType = file.xib; path = ProductHistoryViewController.xib; sourceTree = "<group>"; };
		648974A42701BE4200EECE76 /* ProductHistoryViewController.m */ = {isa = PBXFileReference; fileEncoding = 4; lastKnownFileType = sourcecode.c.objc; path = ProductHistoryViewController.m; sourceTree = "<group>"; };
		64A4F5C826E8551E00E62482 /* libAppWheel.a */ = {isa = PBXFileReference; explicitFileType = archive.ar; path = libAppWheel.a; sourceTree = BUILT_PRODUCTS_DIR; };
		84B246AEEE6756DEFECD5D8C /* Pods-SaaSDemo.release.xcconfig */ = {isa = PBXFileReference; includeInIndex = 1; lastKnownFileType = text.xcconfig; name = "Pods-SaaSDemo.release.xcconfig"; path = "Target Support Files/Pods-SaaSDemo/Pods-SaaSDemo.release.xcconfig"; sourceTree = "<group>"; };
		9C2171465F8D6C9455E21159 /* Pods-SaaSDemo.debug.xcconfig */ = {isa = PBXFileReference; includeInIndex = 1; lastKnownFileType = text.xcconfig; name = "Pods-SaaSDemo.debug.xcconfig"; path = "Target Support Files/Pods-SaaSDemo/Pods-SaaSDemo.debug.xcconfig"; sourceTree = "<group>"; };
		D4609A7625C9387600019B32 /* SaaSDemo.app */ = {isa = PBXFileReference; explicitFileType = wrapper.application; includeInIndex = 0; path = SaaSDemo.app; sourceTree = BUILT_PRODUCTS_DIR; };
		D4609A7925C9387600019B32 /* AppDelegate.h */ = {isa = PBXFileReference; lastKnownFileType = sourcecode.c.h; path = AppDelegate.h; sourceTree = "<group>"; };
		D4609A7A25C9387600019B32 /* AppDelegate.m */ = {isa = PBXFileReference; lastKnownFileType = sourcecode.c.objc; path = AppDelegate.m; sourceTree = "<group>"; };
		D4609A7C25C9387600019B32 /* SceneDelegate.h */ = {isa = PBXFileReference; lastKnownFileType = sourcecode.c.h; path = SceneDelegate.h; sourceTree = "<group>"; };
		D4609A7D25C9387600019B32 /* SceneDelegate.m */ = {isa = PBXFileReference; lastKnownFileType = sourcecode.c.objc; path = SceneDelegate.m; sourceTree = "<group>"; };
		D4609A7F25C9387600019B32 /* ViewController.h */ = {isa = PBXFileReference; lastKnownFileType = sourcecode.c.h; path = ViewController.h; sourceTree = "<group>"; };
		D4609A8025C9387600019B32 /* ViewController.m */ = {isa = PBXFileReference; lastKnownFileType = sourcecode.c.objc; path = ViewController.m; sourceTree = "<group>"; };
		D4609A8525C9387800019B32 /* Assets.xcassets */ = {isa = PBXFileReference; lastKnownFileType = folder.assetcatalog; path = Assets.xcassets; sourceTree = "<group>"; };
		D4609A8825C9387800019B32 /* Base */ = {isa = PBXFileReference; lastKnownFileType = file.storyboard; name = Base; path = Base.lproj/LaunchScreen.storyboard; sourceTree = "<group>"; };
		D4609A8A25C9387800019B32 /* Info.plist */ = {isa = PBXFileReference; lastKnownFileType = text.plist.xml; path = Info.plist; sourceTree = "<group>"; };
		D4609A8B25C9387800019B32 /* main.m */ = {isa = PBXFileReference; lastKnownFileType = sourcecode.c.objc; path = main.m; sourceTree = "<group>"; };
		D4609AAF25C954EC00019B32 /* ProductViewController.h */ = {isa = PBXFileReference; fileEncoding = 4; lastKnownFileType = sourcecode.c.h; path = ProductViewController.h; sourceTree = "<group>"; };
		D4609AB225C954ED00019B32 /* InfoViewController.h */ = {isa = PBXFileReference; fileEncoding = 4; lastKnownFileType = sourcecode.c.h; path = InfoViewController.h; sourceTree = "<group>"; };
		D4609AB325C954ED00019B32 /* ProductViewController.m */ = {isa = PBXFileReference; fileEncoding = 4; lastKnownFileType = sourcecode.c.objc; path = ProductViewController.m; sourceTree = "<group>"; };
		D4609AB425C954ED00019B32 /* UIAlertController+Global.m */ = {isa = PBXFileReference; fileEncoding = 4; lastKnownFileType = sourcecode.c.objc; path = "UIAlertController+Global.m"; sourceTree = "<group>"; };
		D4609AB525C954ED00019B32 /* InfoViewController.m */ = {isa = PBXFileReference; fileEncoding = 4; lastKnownFileType = sourcecode.c.objc; path = InfoViewController.m; sourceTree = "<group>"; };
		D4609AB625C954ED00019B32 /* UIAlertController+Global.h */ = {isa = PBXFileReference; fileEncoding = 4; lastKnownFileType = sourcecode.c.h; path = "UIAlertController+Global.h"; sourceTree = "<group>"; };
		D4FF9117260B605E00686502 /* UIViewController+Loading.h */ = {isa = PBXFileReference; fileEncoding = 4; lastKnownFileType = sourcecode.c.h; path = "UIViewController+Loading.h"; sourceTree = "<group>"; };
		D4FF9118260B605E00686502 /* UIViewController+Loading.m */ = {isa = PBXFileReference; fileEncoding = 4; lastKnownFileType = sourcecode.c.objc; path = "UIViewController+Loading.m"; sourceTree = "<group>"; };
		D4FF911C260B609F00686502 /* dropdownFlag@3x.png */ = {isa = PBXFileReference; lastKnownFileType = image.png; path = "dropdownFlag@3x.png"; sourceTree = "<group>"; };
		D4FF911D260B609F00686502 /* dropdownFlag@2x.png */ = {isa = PBXFileReference; lastKnownFileType = image.png; path = "dropdownFlag@2x.png"; sourceTree = "<group>"; };
		D4FF911E260B609F00686502 /* EBDropdownListView.m */ = {isa = PBXFileReference; fileEncoding = 4; lastKnownFileType = sourcecode.c.objc; path = EBDropdownListView.m; sourceTree = "<group>"; };
		D4FF911F260B609F00686502 /* EBDropdownListView.h */ = {isa = PBXFileReference; fileEncoding = 4; lastKnownFileType = sourcecode.c.h; path = EBDropdownListView.h; sourceTree = "<group>"; };
		D4FF912B260B616900686502 /* InfoViewController.xib */ = {isa = PBXFileReference; fileEncoding = 4; lastKnownFileType = file.xib; path = InfoViewController.xib; sourceTree = "<group>"; };
		D4FF9135260B638100686502 /* Base */ = {isa = PBXFileReference; lastKnownFileType = file.storyboard; name = Base; path = Base.lproj/Main.storyboard; sourceTree = "<group>"; };
/* End PBXFileReference section */

/* Begin PBXFrameworksBuildPhase section */
		D4609A7325C9387600019B32 /* Frameworks */ = {
			isa = PBXFrameworksBuildPhase;
			buildActionMask = 2147483647;
			files = (
				EE3DFB7022ACB68B5F6243E4 /* libPods-SaaSDemo.a in Frameworks */,
			);
			runOnlyForDeploymentPostprocessing = 0;
		};
/* End PBXFrameworksBuildPhase section */

/* Begin PBXGroup section */
		4F68E625F6C50380A70BE3B3 /* Frameworks */ = {
			isa = PBXGroup;
			children = (
				64A4F5C826E8551E00E62482 /* libAppWheel.a */,
				09F4C2F21ED86FA68AD1F666 /* libPods-SaaSDemo.a */,
			);
			name = Frameworks;
			sourceTree = "<group>";
		};
		969323F23CEFB7D9B2390054 /* Pods */ = {
			isa = PBXGroup;
			children = (
				9C2171465F8D6C9455E21159 /* Pods-SaaSDemo.debug.xcconfig */,
				84B246AEEE6756DEFECD5D8C /* Pods-SaaSDemo.release.xcconfig */,
			);
			path = Pods;
			sourceTree = "<group>";
		};
		D4609A6D25C9387600019B32 = {
			isa = PBXGroup;
			children = (
				D4609A7825C9387600019B32 /* SaaSDemo */,
				D4609A7725C9387600019B32 /* Products */,
				969323F23CEFB7D9B2390054 /* Pods */,
				4F68E625F6C50380A70BE3B3 /* Frameworks */,
			);
			sourceTree = "<group>";
		};
		D4609A7725C9387600019B32 /* Products */ = {
			isa = PBXGroup;
			children = (
				D4609A7625C9387600019B32 /* SaaSDemo.app */,
			);
			name = Products;
			sourceTree = "<group>";
		};
		D4609A7825C9387600019B32 /* SaaSDemo */ = {
			isa = PBXGroup;
			children = (
				6489749E2701B8E300EECE76 /* ProductDetailVC.h */,
				6489749D2701B8E300EECE76 /* ProductDetailVC.m */,
				D4609AB225C954ED00019B32 /* InfoViewController.h */,
				D4609AB525C954ED00019B32 /* InfoViewController.m */,
				D4609AAF25C954EC00019B32 /* ProductViewController.h */,
				D4609AB325C954ED00019B32 /* ProductViewController.m */,
				648974A02701B94A00EECE76 /* ProductViewController.xib */,
				648974A22701BE4200EECE76 /* ProductHistoryViewController.h */,
				648974A42701BE4200EECE76 /* ProductHistoryViewController.m */,
				648974A32701BE4200EECE76 /* ProductHistoryViewController.xib */,
				D4609AB625C954ED00019B32 /* UIAlertController+Global.h */,
				D4609AB425C954ED00019B32 /* UIAlertController+Global.m */,
				D4609A7925C9387600019B32 /* AppDelegate.h */,
				D4609A7A25C9387600019B32 /* AppDelegate.m */,
				D4609A7C25C9387600019B32 /* SceneDelegate.h */,
				D4609A7D25C9387600019B32 /* SceneDelegate.m */,
				D4609A7F25C9387600019B32 /* ViewController.h */,
				D4609A8025C9387600019B32 /* ViewController.m */,
				D4FF9117260B605E00686502 /* UIViewController+Loading.h */,
				D4FF9118260B605E00686502 /* UIViewController+Loading.m */,
				D4609A8525C9387800019B32 /* Assets.xcassets */,
				D4609A8725C9387800019B32 /* LaunchScreen.storyboard */,
				D4609A8A25C9387800019B32 /* Info.plist */,
				D4FF9134260B638100686502 /* Main.storyboard */,
				D4FF912B260B616900686502 /* InfoViewController.xib */,
				D4609A8B25C9387800019B32 /* main.m */,
				D4FF911B260B609F00686502 /* dropdownView */,
			);
			path = SaaSDemo;
			sourceTree = "<group>";
		};
		D4FF911B260B609F00686502 /* dropdownView */ = {
			isa = PBXGroup;
			children = (
				D4FF911C260B609F00686502 /* dropdownFlag@3x.png */,
				D4FF911D260B609F00686502 /* dropdownFlag@2x.png */,
				D4FF911E260B609F00686502 /* EBDropdownListView.m */,
				D4FF911F260B609F00686502 /* EBDropdownListView.h */,
			);
			path = dropdownView;
			sourceTree = "<group>";
		};
/* End PBXGroup section */

/* Begin PBXNativeTarget section */
		D4609A7525C9387600019B32 /* SaaSDemo */ = {
			isa = PBXNativeTarget;
			buildConfigurationList = D4609A8F25C9387800019B32 /* Build configuration list for PBXNativeTarget "SaaSDemo" */;
			buildPhases = (
				C0E7996B4DA61306813B9F26 /* [CP] Check Pods Manifest.lock */,
				D4609A7225C9387600019B32 /* Sources */,
				D4609A7325C9387600019B32 /* Frameworks */,
				D4609A7425C9387600019B32 /* Resources */,
				D4D8E3C35BAF25FCFC2F1EE7 /* [CP] Copy Pods Resources */,
				64A4F5BB26E7860C00E62482 /* Embed Frameworks */,
			);
			buildRules = (
			);
			dependencies = (
			);
			name = SaaSDemo;
			productName = SaaSDemo;
			productReference = D4609A7625C9387600019B32 /* SaaSDemo.app */;
			productType = "com.apple.product-type.application";
		};
/* End PBXNativeTarget section */

/* Begin PBXProject section */
		D4609A6E25C9387600019B32 /* Project object */ = {
			isa = PBXProject;
			attributes = {
				CLASSPREFIX = AW;
				LastUpgradeCheck = 1200;
				TargetAttributes = {
					D4609A7525C9387600019B32 = {
						CreatedOnToolsVersion = 12.0;
					};
				};
			};
			buildConfigurationList = D4609A7125C9387600019B32 /* Build configuration list for PBXProject "SaaSDemo" */;
			compatibilityVersion = "Xcode 9.3";
			developmentRegion = en;
			hasScannedForEncodings = 0;
			knownRegions = (
				en,
				Base,
			);
			mainGroup = D4609A6D25C9387600019B32;
			productRefGroup = D4609A7725C9387600019B32 /* Products */;
			projectDirPath = "";
			projectRoot = "";
			targets = (
				D4609A7525C9387600019B32 /* SaaSDemo */,
			);
		};
/* End PBXProject section */

/* Begin PBXResourcesBuildPhase section */
		D4609A7425C9387600019B32 /* Resources */ = {
			isa = PBXResourcesBuildPhase;
			buildActionMask = 2147483647;
			files = (
				D4FF9136260B638100686502 /* Main.storyboard in Resources */,
				D4FF9120260B609F00686502 /* dropdownFlag@3x.png in Resources */,
				648974A12701B94A00EECE76 /* ProductViewController.xib in Resources */,
				D4609A8925C9387800019B32 /* LaunchScreen.storyboard in Resources */,
				D4609A8625C9387800019B32 /* Assets.xcassets in Resources */,
				D4FF9121260B609F00686502 /* dropdownFlag@2x.png in Resources */,
				648974A52701BE4200EECE76 /* ProductHistoryViewController.xib in Resources */,
				D4FF912C260B616900686502 /* InfoViewController.xib in Resources */,
			);
			runOnlyForDeploymentPostprocessing = 0;
		};
/* End PBXResourcesBuildPhase section */

/* Begin PBXShellScriptBuildPhase section */
		C0E7996B4DA61306813B9F26 /* [CP] Check Pods Manifest.lock */ = {
			isa = PBXShellScriptBuildPhase;
			buildActionMask = 2147483647;
			files = (
			);
			inputFileListPaths = (
			);
			inputPaths = (
				"${PODS_PODFILE_DIR_PATH}/Podfile.lock",
				"${PODS_ROOT}/Manifest.lock",
			);
			name = "[CP] Check Pods Manifest.lock";
			outputFileListPaths = (
			);
			outputPaths = (
				"$(DERIVED_FILE_DIR)/Pods-SaaSDemo-checkManifestLockResult.txt",
			);
			runOnlyForDeploymentPostprocessing = 0;
			shellPath = /bin/sh;
			shellScript = "diff \"${PODS_PODFILE_DIR_PATH}/Podfile.lock\" \"${PODS_ROOT}/Manifest.lock\" > /dev/null\nif [ $? != 0 ] ; then\n    # print error to STDERR\n    echo \"error: The sandbox is not in sync with the Podfile.lock. Run 'pod install' or update your CocoaPods installation.\" >&2\n    exit 1\nfi\n# This output is used by Xcode 'outputs' to avoid re-running this script phase.\necho \"SUCCESS\" > \"${SCRIPT_OUTPUT_FILE_0}\"\n";
			showEnvVarsInLog = 0;
		};
		D4D8E3C35BAF25FCFC2F1EE7 /* [CP] Copy Pods Resources */ = {
			isa = PBXShellScriptBuildPhase;
			buildActionMask = 2147483647;
			files = (
			);
			inputFileListPaths = (
				"${PODS_ROOT}/Target Support Files/Pods-SaaSDemo/Pods-SaaSDemo-resources-${CONFIGURATION}-input-files.xcfilelist",
			);
			name = "[CP] Copy Pods Resources";
			outputFileListPaths = (
				"${PODS_ROOT}/Target Support Files/Pods-SaaSDemo/Pods-SaaSDemo-resources-${CONFIGURATION}-output-files.xcfilelist",
			);
			runOnlyForDeploymentPostprocessing = 0;
			shellPath = /bin/sh;
			shellScript = "\"${PODS_ROOT}/Target Support Files/Pods-SaaSDemo/Pods-SaaSDemo-resources.sh\"\n";
			showEnvVarsInLog = 0;
		};
/* End PBXShellScriptBuildPhase section */

/* Begin PBXSourcesBuildPhase section */
		D4609A7225C9387600019B32 /* Sources */ = {
			isa = PBXSourcesBuildPhase;
			buildActionMask = 2147483647;
			files = (
				D4609A8125C9387600019B32 /* ViewController.m in Sources */,
				D4609ABA25C954ED00019B32 /* UIAlertController+Global.m in Sources */,
				D4609A7B25C9387600019B32 /* AppDelegate.m in Sources */,
				648974A62701BE4200EECE76 /* ProductHistoryViewController.m in Sources */,
				D4FF9119260B605E00686502 /* UIViewController+Loading.m in Sources */,
				D4609AB925C954ED00019B32 /* ProductViewController.m in Sources */,
				6489749F2701B8E300EECE76 /* ProductDetailVC.m in Sources */,
				D4609A8C25C9387800019B32 /* main.m in Sources */,
				D4FF9122260B609F00686502 /* EBDropdownListView.m in Sources */,
				D4609ABB25C954ED00019B32 /* InfoViewController.m in Sources */,
				D4609A7E25C9387600019B32 /* SceneDelegate.m in Sources */,
			);
			runOnlyForDeploymentPostprocessing = 0;
		};
/* End PBXSourcesBuildPhase section */

/* Begin PBXVariantGroup section */
		D4609A8725C9387800019B32 /* LaunchScreen.storyboard */ = {
			isa = PBXVariantGroup;
			children = (
				D4609A8825C9387800019B32 /* Base */,
			);
			name = LaunchScreen.storyboard;
			sourceTree = "<group>";
		};
		D4FF9134260B638100686502 /* Main.storyboard */ = {
			isa = PBXVariantGroup;
			children = (
				D4FF9135260B638100686502 /* Base */,
			);
			name = Main.storyboard;
			sourceTree = "<group>";
		};
/* End PBXVariantGroup section */

/* Begin XCBuildConfiguration section */
		D4609A8D25C9387800019B32 /* Debug */ = {
			isa = XCBuildConfiguration;
			buildSettings = {
				ALWAYS_SEARCH_USER_PATHS = NO;
				CLANG_ANALYZER_NONNULL = YES;
				CLANG_ANALYZER_NUMBER_OBJECT_CONVERSION = YES_AGGRESSIVE;
				CLANG_CXX_LANGUAGE_STANDARD = "gnu++14";
				CLANG_CXX_LIBRARY = "libc++";
				CLANG_ENABLE_MODULES = YES;
				CLANG_ENABLE_OBJC_ARC = YES;
				CLANG_ENABLE_OBJC_WEAK = YES;
				CLANG_WARN_BLOCK_CAPTURE_AUTORELEASING = YES;
				CLANG_WARN_BOOL_CONVERSION = YES;
				CLANG_WARN_COMMA = YES;
				CLANG_WARN_CONSTANT_CONVERSION = YES;
				CLANG_WARN_DEPRECATED_OBJC_IMPLEMENTATIONS = YES;
				CLANG_WARN_DIRECT_OBJC_ISA_USAGE = YES_ERROR;
				CLANG_WARN_DOCUMENTATION_COMMENTS = YES;
				CLANG_WARN_EMPTY_BODY = YES;
				CLANG_WARN_ENUM_CONVERSION = YES;
				CLANG_WARN_INFINITE_RECURSION = YES;
				CLANG_WARN_INT_CONVERSION = YES;
				CLANG_WARN_NON_LITERAL_NULL_CONVERSION = YES;
				CLANG_WARN_OBJC_IMPLICIT_RETAIN_SELF = YES;
				CLANG_WARN_OBJC_LITERAL_CONVERSION = YES;
				CLANG_WARN_OBJC_ROOT_CLASS = YES_ERROR;
				CLANG_WARN_QUOTED_INCLUDE_IN_FRAMEWORK_HEADER = YES;
				CLANG_WARN_RANGE_LOOP_ANALYSIS = YES;
				CLANG_WARN_STRICT_PROTOTYPES = YES;
				CLANG_WARN_SUSPICIOUS_MOVE = YES;
				CLANG_WARN_UNGUARDED_AVAILABILITY = YES_AGGRESSIVE;
				CLANG_WARN_UNREACHABLE_CODE = YES;
				CLANG_WARN__DUPLICATE_METHOD_MATCH = YES;
				COPY_PHASE_STRIP = NO;
				DEBUG_INFORMATION_FORMAT = dwarf;
				ENABLE_STRICT_OBJC_MSGSEND = YES;
				ENABLE_TESTABILITY = YES;
				GCC_C_LANGUAGE_STANDARD = gnu11;
				GCC_DYNAMIC_NO_PIC = NO;
				GCC_NO_COMMON_BLOCKS = YES;
				GCC_OPTIMIZATION_LEVEL = 0;
				GCC_PREPROCESSOR_DEFINITIONS = (
					"DEBUG=1",
					"$(inherited)",
				);
				GCC_WARN_64_TO_32_BIT_CONVERSION = YES;
				GCC_WARN_ABOUT_RETURN_TYPE = YES_ERROR;
				GCC_WARN_UNDECLARED_SELECTOR = YES;
				GCC_WARN_UNINITIALIZED_AUTOS = YES_AGGRESSIVE;
				GCC_WARN_UNUSED_FUNCTION = YES;
				GCC_WARN_UNUSED_VARIABLE = YES;
				IPHONEOS_DEPLOYMENT_TARGET = 14.0;
				MTL_ENABLE_DEBUG_INFO = INCLUDE_SOURCE;
				MTL_FAST_MATH = YES;
				ONLY_ACTIVE_ARCH = YES;
				SDKROOT = iphoneos;
			};
			name = Debug;
		};
		D4609A8E25C9387800019B32 /* Release */ = {
			isa = XCBuildConfiguration;
			buildSettings = {
				ALWAYS_SEARCH_USER_PATHS = NO;
				CLANG_ANALYZER_NONNULL = YES;
				CLANG_ANALYZER_NUMBER_OBJECT_CONVERSION = YES_AGGRESSIVE;
				CLANG_CXX_LANGUAGE_STANDARD = "gnu++14";
				CLANG_CXX_LIBRARY = "libc++";
				CLANG_ENABLE_MODULES = YES;
				CLANG_ENABLE_OBJC_ARC = YES;
				CLANG_ENABLE_OBJC_WEAK = YES;
				CLANG_WARN_BLOCK_CAPTURE_AUTORELEASING = YES;
				CLANG_WARN_BOOL_CONVERSION = YES;
				CLANG_WARN_COMMA = YES;
				CLANG_WARN_CONSTANT_CONVERSION = YES;
				CLANG_WARN_DEPRECATED_OBJC_IMPLEMENTATIONS = YES;
				CLANG_WARN_DIRECT_OBJC_ISA_USAGE = YES_ERROR;
				CLANG_WARN_DOCUMENTATION_COMMENTS = YES;
				CLANG_WARN_EMPTY_BODY = YES;
				CLANG_WARN_ENUM_CONVERSION = YES;
				CLANG_WARN_INFINITE_RECURSION = YES;
				CLANG_WARN_INT_CONVERSION = YES;
				CLANG_WARN_NON_LITERAL_NULL_CONVERSION = YES;
				CLANG_WARN_OBJC_IMPLICIT_RETAIN_SELF = YES;
				CLANG_WARN_OBJC_LITERAL_CONVERSION = YES;
				CLANG_WARN_OBJC_ROOT_CLASS = YES_ERROR;
				CLANG_WARN_QUOTED_INCLUDE_IN_FRAMEWORK_HEADER = YES;
				CLANG_WARN_RANGE_LOOP_ANALYSIS = YES;
				CLANG_WARN_STRICT_PROTOTYPES = YES;
				CLANG_WARN_SUSPICIOUS_MOVE = YES;
				CLANG_WARN_UNGUARDED_AVAILABILITY = YES_AGGRESSIVE;
				CLANG_WARN_UNREACHABLE_CODE = YES;
				CLANG_WARN__DUPLICATE_METHOD_MATCH = YES;
				COPY_PHASE_STRIP = NO;
				DEBUG_INFORMATION_FORMAT = "dwarf-with-dsym";
				ENABLE_NS_ASSERTIONS = NO;
				ENABLE_STRICT_OBJC_MSGSEND = YES;
				GCC_C_LANGUAGE_STANDARD = gnu11;
				GCC_NO_COMMON_BLOCKS = YES;
				GCC_WARN_64_TO_32_BIT_CONVERSION = YES;
				GCC_WARN_ABOUT_RETURN_TYPE = YES_ERROR;
				GCC_WARN_UNDECLARED_SELECTOR = YES;
				GCC_WARN_UNINITIALIZED_AUTOS = YES_AGGRESSIVE;
				GCC_WARN_UNUSED_FUNCTION = YES;
				GCC_WARN_UNUSED_VARIABLE = YES;
				IPHONEOS_DEPLOYMENT_TARGET = 14.0;
				MTL_ENABLE_DEBUG_INFO = NO;
				MTL_FAST_MATH = YES;
				SDKROOT = iphoneos;
				VALIDATE_PRODUCT = YES;
			};
			name = Release;
		};
		D4609A9025C9387800019B32 /* Debug */ = {
			isa = XCBuildConfiguration;
			baseConfigurationReference = 9C2171465F8D6C9455E21159 /* Pods-SaaSDemo.debug.xcconfig */;
			buildSettings = {
				ASSETCATALOG_COMPILER_APPICON_NAME = AppIcon;
				ASSETCATALOG_COMPILER_GLOBAL_ACCENT_COLOR_NAME = AccentColor;
				CODE_SIGN_IDENTITY = "iPhone Developer";
				CODE_SIGN_STYLE = Manual;
				DEVELOPMENT_TEAM = 5V292QZ538;
				ENABLE_BITCODE = NO;
				INFOPLIST_FILE = SaaSDemo/Info.plist;
				IPHONEOS_DEPLOYMENT_TARGET = 10.0;
				LD_RUNPATH_SEARCH_PATHS = (
					"$(inherited)",
					"@executable_path/Frameworks",
				);
				PRODUCT_BUNDLE_IDENTIFIER = com.meitu.pomelo;
				PRODUCT_NAME = "$(TARGET_NAME)";
				PROVISIONING_PROFILE_SPECIFIER = "match3 Development com.meitu.*";
				TARGETED_DEVICE_FAMILY = "1,2";
			};
			name = Debug;
		};
		D4609A9125C9387800019B32 /* Release */ = {
			isa = XCBuildConfiguration;
			baseConfigurationReference = 84B246AEEE6756DEFECD5D8C /* Pods-SaaSDemo.release.xcconfig */;
			buildSettings = {
				ASSETCATALOG_COMPILER_APPICON_NAME = AppIcon;
				ASSETCATALOG_COMPILER_GLOBAL_ACCENT_COLOR_NAME = AccentColor;
				CODE_SIGN_IDENTITY = "iPhone Developer";
				CODE_SIGN_STYLE = Manual;
				DEVELOPMENT_TEAM = 5V292QZ538;
				ENABLE_BITCODE = NO;
				INFOPLIST_FILE = SaaSDemo/Info.plist;
				IPHONEOS_DEPLOYMENT_TARGET = 10.0;
				LD_RUNPATH_SEARCH_PATHS = (
					"$(inherited)",
					"@executable_path/Frameworks",
				);
				PRODUCT_BUNDLE_IDENTIFIER = com.meitu.pomelo;
				PRODUCT_NAME = "$(TARGET_NAME)";
				PROVISIONING_PROFILE_SPECIFIER = "match3 Development com.meitu.*";
				TARGETED_DEVICE_FAMILY = "1,2";
			};
			name = Release;
		};
/* End XCBuildConfiguration section */

/* Begin XCConfigurationList section */
		D4609A7125C9387600019B32 /* Build configuration list for PBXProject "SaaSDemo" */ = {
			isa = XCConfigurationList;
			buildConfigurations = (
				D4609A8D25C9387800019B32 /* Debug */,
				D4609A8E25C9387800019B32 /* Release */,
			);
			defaultConfigurationIsVisible = 0;
			defaultConfigurationName = Release;
		};
		D4609A8F25C9387800019B32 /* Build configuration list for PBXNativeTarget "SaaSDemo" */ = {
			isa = XCConfigurationList;
			buildConfigurations = (
				D4609A9025C9387800019B32 /* Debug */,
				D4609A9125C9387800019B32 /* Release */,
			);
			defaultConfigurationIsVisible = 0;
			defaultConfigurationName = Release;
		};
/* End XCConfigurationList section */
	};
	rootObject = D4609A6E25C9387600019B32 /* Project object */;
}
